
Microsoft Visual Studio Solution File, Format Version 12.00
# Visual Studio Version 17
VisualStudioVersion = 17.11.35327.3
MinimumVisualStudioVersion = 10.0.40219.1
Project("{2150E333-8FDC-42A3-9474-1A3956D46DE8}") = "src", "src", "{2A717B5C-A71D-4011-B6C6-9AAF2ED09C6A}"
EndProject
Project("{2150E333-8FDC-42A3-9474-1A3956D46DE8}") = "tests", "tests", "{234BDE21-B9FF-407E-8F4C-E9278C60072D}"
EndProject
Project("{2150E333-8FDC-42A3-9474-1A3956D46DE8}") = "Backend", "Backend", "{4C005C34-E30A-41E2-A7FB-609AD69DC66F}"
EndProject
Project("{2150E333-8FDC-42A3-9474-1A3956D46DE8}") = "Shared", "Shared", "{328D1A1D-8FEC-424A-9FFE-651FB2E2A86A}"
EndProject
Project("{2150E333-8FDC-42A3-9474-1A3956D46DE8}") = "Mobile", "Mobile", "{03011FFC-1DEC-46F3-AE0C-8ED1B64043ED}"
EndProject
Project("{FAE04EC0-301F-11D3-BF4B-00C04F79EFBC}") = "MyRecipeBook.API", "src\Backend\MyRecipeBook.API\MyRecipeBook.API.csproj", "{1A0817FB-81E9-4A55-B934-CB715B5BDA07}"
EndProject
Project("{FAE04EC0-301F-11D3-BF4B-00C04F79EFBC}") = "MyRecipeBook.Application", "src\Backend\MyRecipeBook.Application\MyRecipeBook.Application.csproj", "{952DDD75-65A4-452B-9524-BDBFB949C9A2}"
EndProject
Project("{FAE04EC0-301F-11D3-BF4B-00C04F79EFBC}") = "MyRecipeBook.Domain", "src\Backend\MyRecipeBook.Domain\MyRecipeBook.Domain.csproj", "{09AEDC38-6331-4BCB-AD89-8DC6EC73ED41}"
EndProject
Project("{FAE04EC0-301F-11D3-BF4B-00C04F79EFBC}") = "MyRecipeBook.Infrastructure", "src\Backend\MyRecipeBook.Infrastructure\MyRecipeBook.Infrastructure.csproj", "{FCB8FEFF-7DC1-431C-B458-1842FAF24A6F}"
EndProject
Project("{FAE04EC0-301F-11D3-BF4B-00C04F79EFBC}") = "MyRecipeBook.Comunication", "src\Shared\MyRecipeBook.Comunication\MyRecipeBook.Comunication.csproj", "{5D3FEA17-D3F7-4AAE-A34C-510406281596}"
EndProject
Project("{FAE04EC0-301F-11D3-BF4B-00C04F79EFBC}") = "MyRecipeBook.Exceptions", "src\Shared\MyRecipeBook.Exceptions\MyRecipeBook.Exceptions.csproj", "{BC60FD69-55F3-433C-82C9-5E836F7FD4B0}"
EndProject
Global
	GlobalSection(SolutionConfigurationPlatforms) = preSolution
		Debug|Any CPU = Debug|Any CPU
		Release|Any CPU = Release|Any CPU
	EndGlobalSection
	GlobalSection(ProjectConfigurationPlatforms) = postSolution
		{1A0817FB-81E9-4A55-B934-CB715B5BDA07}.Debug|Any CPU.ActiveCfg = Debug|Any CPU
		{1A0817FB-81E9-4A55-B934-CB715B5BDA07}.Debug|Any CPU.Build.0 = Debug|Any CPU
		{1A0817FB-81E9-4A55-B934-CB715B5BDA07}.Release|Any CPU.ActiveCfg = Release|Any CPU
		{1A0817FB-81E9-4A55-B934-CB715B5BDA07}.Release|Any CPU.Build.0 = Release|Any CPU
		{952DDD75-65A4-452B-9524-BDBFB949C9A2}.Debug|Any CPU.ActiveCfg = Debug|Any CPU
		{952DDD75-65A4-452B-9524-BDBFB949C9A2}.Debug|Any CPU.Build.0 = Debug|Any CPU
		{952DDD75-65A4-452B-9524-BDBFB949C9A2}.Release|Any CPU.ActiveCfg = Release|Any CPU
		{952DDD75-65A4-452B-9524-BDBFB949C9A2}.Release|Any CPU.Build.0 = Release|Any CPU
		{09AEDC38-6331-4BCB-AD89-8DC6EC73ED41}.Debug|Any CPU.ActiveCfg = Debug|Any CPU
		{09AEDC38-6331-4BCB-AD89-8DC6EC73ED41}.Debug|Any CPU.Build.0 = Debug|Any CPU
		{09AEDC38-6331-4BCB-AD89-8DC6EC73ED41}.Release|Any CPU.ActiveCfg = Release|Any CPU
		{09AEDC38-6331-4BCB-AD89-8DC6EC73ED41}.Release|Any CPU.Build.0 = Release|Any CPU
		{FCB8FEFF-7DC1-431C-B458-1842FAF24A6F}.Debug|Any CPU.ActiveCfg = Debug|Any CPU
		{FCB8FEFF-7DC1-431C-B458-1842FAF24A6F}.Debug|Any CPU.Build.0 = Debug|Any CPU
		{FCB8FEFF-7DC1-431C-B458-1842FAF24A6F}.Release|Any CPU.ActiveCfg = Release|Any CPU
		{FCB8FEFF-7DC1-431C-B458-1842FAF24A6F}.Release|Any CPU.Build.0 = Release|Any CPU
		{5D3FEA17-D3F7-4AAE-A34C-510406281596}.Debug|Any CPU.ActiveCfg = Debug|Any CPU
		{5D3FEA17-D3F7-4AAE-A34C-510406281596}.Debug|Any CPU.Build.0 = Debug|Any CPU
		{5D3FEA17-D3F7-4AAE-A34C-510406281596}.Release|Any CPU.ActiveCfg = Release|Any CPU
		{5D3FEA17-D3F7-4AAE-A34C-510406281596}.Release|Any CPU.Build.0 = Release|Any CPU
		{BC60FD69-55F3-433C-82C9-5E836F7FD4B0}.Debug|Any CPU.ActiveCfg = Debug|Any CPU
		{BC60FD69-55F3-433C-82C9-5E836F7FD4B0}.Debug|Any CPU.Build.0 = Debug|Any CPU
		{BC60FD69-55F3-433C-82C9-5E836F7FD4B0}.Release|Any CPU.ActiveCfg = Release|Any CPU
		{BC60FD69-55F3-433C-82C9-5E836F7FD4B0}.Release|Any CPU.Build.0 = Release|Any CPU
	EndGlobalSection
	GlobalSection(SolutionProperties) = preSolution
		HideSolutionNode = FALSE
	EndGlobalSection
	GlobalSection(NestedProjects) = preSolution
		{4C005C34-E30A-41E2-A7FB-609AD69DC66F} = {2A717B5C-A71D-4011-B6C6-9AAF2ED09C6A}
		{328D1A1D-8FEC-424A-9FFE-651FB2E2A86A} = {2A717B5C-A71D-4011-B6C6-9AAF2ED09C6A}
		{03011FFC-1DEC-46F3-AE0C-8ED1B64043ED} = {2A717B5C-A71D-4011-B6C6-9AAF2ED09C6A}
		{1A0817FB-81E9-4A55-B934-CB715B5BDA07} = {4C005C34-E30A-41E2-A7FB-609AD69DC66F}
		{952DDD75-65A4-452B-9524-BDBFB949C9A2} = {4C005C34-E30A-41E2-A7FB-609AD69DC66F}
		{09AEDC38-6331-4BCB-AD89-8DC6EC73ED41} = {4C005C34-E30A-41E2-A7FB-609AD69DC66F}
		{FCB8FEFF-7DC1-431C-B458-1842FAF24A6F} = {4C005C34-E30A-41E2-A7FB-609AD69DC66F}
		{5D3FEA17-D3F7-4AAE-A34C-510406281596} = {328D1A1D-8FEC-424A-9FFE-651FB2E2A86A}
		{BC60FD69-55F3-433C-82C9-5E836F7FD4B0} = {328D1A1D-8FEC-424A-9FFE-651FB2E2A86A}
	EndGlobalSection
	GlobalSection(ExtensibilityGlobals) = postSolution
		SolutionGuid = {7CEC4ABF-9AFA-499D-BF61-A630EBFFB579}
	EndGlobalSection
EndGlobal
